
Microsoft Visual Studio Solution File, Format Version 10.00
# Visual Studio 2008
Project("{8BC9CEB8-8B4A-11D0-8D11-00A0C91BC942}") = "Assistant_Git", "Assistant_Git.vcproj", "{A1A5C268-C789-4788-8E48-8C8678C3F769}"
EndProject
Global
	GlobalSection(SolutionConfigurationPlatforms) = preSolution
		Debug|Win32 = Debug|Win32
		Release|Win32 = Release|Win32
	EndGlobalSection
	GlobalSection(ProjectConfigurationPlatforms) = postSolution
		{A1A5C268-C789-4788-8E48-8C8678C3F769}.Debug|Win32.ActiveCfg = Debug|Win32
		{A1A5C268-C789-4788-8E48-8C8678C3F769}.Debug|Win32.Build.0 = Debug|Win32
		{A1A5C268-C789-4788-8E48-8C8678C3F769}.Release|Win32.ActiveCfg = Release|Win32
		{A1A5C268-C789-4788-8E48-8C8678C3F769}.Release|Win32.Build.0 = Release|Win32
	EndGlobalSection
	GlobalSection(SolutionProperties) = preSolution
		HideSolutionNode = FALSE
	EndGlobalSection
EndGlobal
